
Microsoft Visual Studio Solution File, Format Version 12.00
# Visual Studio 15
VisualStudioVersion = 15.0.27703.2000
MinimumVisualStudioVersion = 10.0.40219.1
Project("{FAE04EC0-301F-11D3-BF4B-00C04F79EFBC}") = "sampleCoreWeb", "sampleCoreWeb\sampleCoreWeb.csproj", "{406C279B-39E6-4226-BEAD-A0DD55803410}"
EndProject
Global
	GlobalSection(SolutionConfigurationPlatforms) = preSolution
		Debug|Any CPU = Debug|Any CPU
		Release|Any CPU = Release|Any CPU
	EndGlobalSection
	GlobalSection(ProjectConfigurationPlatforms) = postSolution
		{406C279B-39E6-4226-BEAD-A0DD55803410}.Debug|Any CPU.ActiveCfg = Debug|Any CPU
		{406C279B-39E6-4226-BEAD-A0DD55803410}.Debug|Any CPU.Build.0 = Debug|Any CPU
		{406C279B-39E6-4226-BEAD-A0DD55803410}.Release|Any CPU.ActiveCfg = Release|Any CPU
		{406C279B-39E6-4226-BEAD-A0DD55803410}.Release|Any CPU.Build.0 = Release|Any CPU
	EndGlobalSection
	GlobalSection(SolutionProperties) = preSolution
		HideSolutionNode = FALSE
	EndGlobalSection
	GlobalSection(ExtensibilityGlobals) = postSolution
		SolutionGuid = {830B9D3F-EB61-4895-BC32-63040D895A6A}
	EndGlobalSection
EndGlobal
